<?xml version="1.0" encoding="UTF-8" standalone="yes" ?>
<CodeBlocks_project_file>
	<FileVersion major="1" minor="6" />
	<Project>
		<Option title="MultiThreading" />
		<Option pch_mode="2" />
		<Option compiler="gcc" />
		<Build>
			<Target title="Debug">
				<Option output="bin/Debug/MultiThreading" prefix_auto="1" extension_auto="1" />
				<Option object_output="obj/Debug/" />
				<Option type="1" />
				<Option compiler="gcc" />
				<Compiler>
					<Add option="-g" />
				</Compiler>
			</Target>
			<Target title="Release">
				<Option output="bin/Release/MultiThreading" prefix_auto="1" extension_auto="1" />
				<Option object_output="obj/Release/" />
				<Option type="1" />
				<Option compiler="gcc" />
				<Compiler>
					<Add option="-O2" />
				</Compiler>
				<Linker>
					<Add option="-s" />
				</Linker>
			</Target>
		</Build>
		<Compiler>
			<Add option="-Wall" />
			<Add option="-fexceptions" />
		</Compiler>
		<Unit filename="Config.cpp" />
		<Unit filename="Config.h" />
		<Unit filename="ExponentialRegressionSolver.cpp" />
		<Unit filename="ExponentialRegressionSolver.h" />
		<Unit filename="LinearRegressionSolver.cpp" />
		<Unit filename="LinearRegressionSolver.h" />
		<Unit filename="LogarithmicRegressionSolver.cpp" />
		<Unit filename="LogarithmicRegressionSolver.h" />
		<Unit filename="MovingAverageRegressionSolver.cpp" />
		<Unit filename="MovingAverageRegressionSolver.h" />
		<Unit filename="Point.cpp" />
		<Unit filename="Point.h" />
		<Unit filename="PointLoader.cpp" />
		<Unit filename="PointLoader.h" />
		<Unit filename="PolynomialRegressionSolver.cpp" />
		<Unit filename="PolynomialRegressionSolver.h" />
		<Unit filename="PowerSeriesRegressionSolver.cpp" />
		<Unit filename="PowerSeriesRegressionSolver.h" />
		<Unit filename="Program.cpp" />
		<Unit filename="Program.h" />
		<Unit filename="RegressionSolver.cpp" />
		<Unit filename="RegressionSolver.h" />
		<Unit filename="Worker.h" />
		<Unit filename="main.cpp" />
		<Extensions>
			<lib_finder disable_auto="1" />
		</Extensions>
	</Project>
</CodeBlocks_project_file>
